
Microsoft Visual Studio Solution File, Format Version 12.00
# Visual Studio Version 16
VisualStudioVersion = 16.0.29403.142
MinimumVisualStudioVersion = 10.0.40219.1
Project("{FAE04EC0-301F-11D3-BF4B-00C04F79EFBC}") = "Tiktok", "Tiktok\Tiktok.csproj", "{F3785A90-1D98-4DF5-9F81-836A59F1915C}"
EndProject
Global
	GlobalSection(SolutionConfigurationPlatforms) = preSolution
		Debug|Any CPU = Debug|Any CPU
		Release|Any CPU = Release|Any CPU
	EndGlobalSection
	GlobalSection(ProjectConfigurationPlatforms) = postSolution
		{F3785A90-1D98-4DF5-9F81-836A59F1915C}.Debug|Any CPU.ActiveCfg = Debug|Any CPU
		{F3785A90-1D98-4DF5-9F81-836A59F1915C}.Debug|Any CPU.Build.0 = Debug|Any CPU
		{F3785A90-1D98-4DF5-9F81-836A59F1915C}.Release|Any CPU.ActiveCfg = Release|Any CPU
		{F3785A90-1D98-4DF5-9F81-836A59F1915C}.Release|Any CPU.Build.0 = Release|Any CPU
	EndGlobalSection
	GlobalSection(SolutionProperties) = preSolution
		HideSolutionNode = FALSE
	EndGlobalSection
	GlobalSection(ExtensibilityGlobals) = postSolution
		SolutionGuid = {41A870BB-63D1-45BE-830A-EE8874CA6BF8}
	EndGlobalSection
EndGlobal
